// !$*UTF8*$!
{
	archiveVersion = 1;
	classes = {
	};
	objectVersion = 56;
	objects = {

/* Begin PBXBuildFile section */
		00E0378E2B003ADB00B9E958 /* JamApp.swift in Sources */ = {isa = PBXBuildFile; fileRef = 00E0378D2B003ADB00B9E958 /* JamApp.swift */; };
		00E037902B003ADB00B9E958 /* ContentView.swift in Sources */ = {isa = PBXBuildFile; fileRef = 00E0378F2B003ADB00B9E958 /* ContentView.swift */; };
		00E037922B003ADE00B9E958 /* Assets.xcassets in Resources */ = {isa = PBXBuildFile; fileRef = 00E037912B003ADE00B9E958 /* Assets.xcassets */; };
		00E037952B003ADE00B9E958 /* Preview Assets.xcassets in Resources */ = {isa = PBXBuildFile; fileRef = 00E037942B003ADE00B9E958 /* Preview Assets.xcassets */; };
		00E037B02B003CD700B9E958 /* MediaRemote.framework in Frameworks */ = {isa = PBXBuildFile; fileRef = 00E037A92B003C2C00B9E958 /* MediaRemote.framework */; };
		00E037B72B004EE400B9E958 /* PrivateMediaRemote in Frameworks */ = {isa = PBXBuildFile; productRef = 00E037B62B004EE400B9E958 /* PrivateMediaRemote */; };
		00E037BA2B00544300B9E958 /* KeyboardShortcuts in Frameworks */ = {isa = PBXBuildFile; productRef = 00E037B92B00544300B9E958 /* KeyboardShortcuts */; };
		00E037BD2B005D9E00B9E958 /* AppDelegate.swift in Sources */ = {isa = PBXBuildFile; fileRef = 00E037BC2B005D9E00B9E958 /* AppDelegate.swift */; };
		00E037BF2B0068F000B9E958 /* LICENSE in Resources */ = {isa = PBXBuildFile; fileRef = 00E037BE2B0068F000B9E958 /* LICENSE */; };
/* End PBXBuildFile section */

/* Begin PBXFileReference section */
		00E0378A2B003ADB00B9E958 /* Jam.app */ = {isa = PBXFileReference; explicitFileType = wrapper.application; includeInIndex = 0; path = Jam.app; sourceTree = BUILT_PRODUCTS_DIR; };
		00E0378D2B003ADB00B9E958 /* JamApp.swift */ = {isa = PBXFileReference; lastKnownFileType = sourcecode.swift; path = JamApp.swift; sourceTree = "<group>"; };
		00E0378F2B003ADB00B9E958 /* ContentView.swift */ = {isa = PBXFileReference; lastKnownFileType = sourcecode.swift; path = ContentView.swift; sourceTree = "<group>"; };
		00E037912B003ADE00B9E958 /* Assets.xcassets */ = {isa = PBXFileReference; lastKnownFileType = folder.assetcatalog; path = Assets.xcassets; sourceTree = "<group>"; };
		00E037942B003ADE00B9E958 /* Preview Assets.xcassets */ = {isa = PBXFileReference; lastKnownFileType = folder.assetcatalog; path = "Preview Assets.xcassets"; sourceTree = "<group>"; };
		00E037962B003ADE00B9E958 /* Jam.entitlements */ = {isa = PBXFileReference; lastKnownFileType = text.plist.entitlements; path = Jam.entitlements; sourceTree = "<group>"; };
		00E037A92B003C2C00B9E958 /* MediaRemote.framework */ = {isa = PBXFileReference; lastKnownFileType = wrapper.framework; name = MediaRemote.framework; path = ../../../../System/Library/PrivateFrameworks/MediaRemote.framework; sourceTree = "<group>"; };
		00E037BB2B005BF300B9E958 /* README.md */ = {isa = PBXFileReference; lastKnownFileType = net.daringfireball.markdown; path = README.md; sourceTree = "<group>"; };
		00E037BC2B005D9E00B9E958 /* AppDelegate.swift */ = {isa = PBXFileReference; lastKnownFileType = sourcecode.swift; path = AppDelegate.swift; sourceTree = "<group>"; };
		00E037BE2B0068F000B9E958 /* LICENSE */ = {isa = PBXFileReference; lastKnownFileType = text; path = LICENSE; sourceTree = "<group>"; };
/* End PBXFileReference section */

/* Begin PBXFrameworksBuildPhase section */
		00E037872B003ADB00B9E958 /* Frameworks */ = {
			isa = PBXFrameworksBuildPhase;
			buildActionMask = 2147483647;
			files = (
				00E037B02B003CD700B9E958 /* MediaRemote.framework in Frameworks */,
				00E037B72B004EE400B9E958 /* PrivateMediaRemote in Frameworks */,
				00E037BA2B00544300B9E958 /* KeyboardShortcuts in Frameworks */,
			);
			runOnlyForDeploymentPostprocessing = 0;
		};
/* End PBXFrameworksBuildPhase section */

/* Begin PBXGroup section */
		00E037812B003ADB00B9E958 = {
			isa = PBXGroup;
			children = (
				00E037BB2B005BF300B9E958 /* README.md */,
				00E037BE2B0068F000B9E958 /* LICENSE */,
				00E0378C2B003ADB00B9E958 /* Jam */,
				00E0378B2B003ADB00B9E958 /* Products */,
				00E037A82B003C2C00B9E958 /* Frameworks */,
			);
			sourceTree = "<group>";
		};
		00E0378B2B003ADB00B9E958 /* Products */ = {
			isa = PBXGroup;
			children = (
				00E0378A2B003ADB00B9E958 /* Jam.app */,
			);
			name = Products;
			sourceTree = "<group>";
		};
		00E0378C2B003ADB00B9E958 /* Jam */ = {
			isa = PBXGroup;
			children = (
				00E0378D2B003ADB00B9E958 /* JamApp.swift */,
				00E0378F2B003ADB00B9E958 /* ContentView.swift */,
				00E037BC2B005D9E00B9E958 /* AppDelegate.swift */,
				00E037912B003ADE00B9E958 /* Assets.xcassets */,
				00E037962B003ADE00B9E958 /* Jam.entitlements */,
				00E037932B003ADE00B9E958 /* Preview Content */,
			);
			path = Jam;
			sourceTree = "<group>";
		};
		00E037932B003ADE00B9E958 /* Preview Content */ = {
			isa = PBXGroup;
			children = (
				00E037942B003ADE00B9E958 /* Preview Assets.xcassets */,
			);
			path = "Preview Content";
			sourceTree = "<group>";
		};
		00E037A82B003C2C00B9E958 /* Frameworks */ = {
			isa = PBXGroup;
			children = (
				00E037A92B003C2C00B9E958 /* MediaRemote.framework */,
			);
			name = Frameworks;
			sourceTree = "<group>";
		};
/* End PBXGroup section */

/* Begin PBXNativeTarget section */
		00E037892B003ADB00B9E958 /* Jam */ = {
			isa = PBXNativeTarget;
			buildConfigurationList = 00E037992B003ADE00B9E958 /* Build configuration list for PBXNativeTarget "Jam" */;
			buildPhases = (
				00E037862B003ADB00B9E958 /* Sources */,
				00E037872B003ADB00B9E958 /* Frameworks */,
				00E037882B003ADB00B9E958 /* Resources */,
			);
			buildRules = (
			);
			dependencies = (
			);
			name = Jam;
			packageProductDependencies = (
				00E037B62B004EE400B9E958 /* PrivateMediaRemote */,
				00E037B92B00544300B9E958 /* KeyboardShortcuts */,
			);
			productName = Jam;
			productReference = 00E0378A2B003ADB00B9E958 /* Jam.app */;
			productType = "com.apple.product-type.application";
		};
/* End PBXNativeTarget section */

/* Begin PBXProject section */
		00E037822B003ADB00B9E958 /* Project object */ = {
			isa = PBXProject;
			attributes = {
				BuildIndependentTargetsInParallel = 1;
				LastSwiftUpdateCheck = 1510;
				LastUpgradeCheck = 1510;
				TargetAttributes = {
					00E037892B003ADB00B9E958 = {
						CreatedOnToolsVersion = 15.1;
					};
				};
			};
			buildConfigurationList = 00E037852B003ADB00B9E958 /* Build configuration list for PBXProject "Jam" */;
			compatibilityVersion = "Xcode 14.0";
			developmentRegion = en;
			hasScannedForEncodings = 0;
			knownRegions = (
				en,
				Base,
			);
			mainGroup = 00E037812B003ADB00B9E958;
			packageReferences = (
				00E037B32B004EE400B9E958 /* XCRemoteSwiftPackageReference "MediaRemote" */,
				00E037B82B00544300B9E958 /* XCRemoteSwiftPackageReference "KeyboardShortcuts" */,
			);
			productRefGroup = 00E0378B2B003ADB00B9E958 /* Products */;
			projectDirPath = "";
			projectRoot = "";
			targets = (
				00E037892B003ADB00B9E958 /* Jam */,
			);
		};
/* End PBXProject section */

/* Begin PBXResourcesBuildPhase section */
		00E037882B003ADB00B9E958 /* Resources */ = {
			isa = PBXResourcesBuildPhase;
			buildActionMask = 2147483647;
			files = (
				00E037BF2B0068F000B9E958 /* LICENSE in Resources */,
				00E037952B003ADE00B9E958 /* Preview Assets.xcassets in Resources */,
				00E037922B003ADE00B9E958 /* Assets.xcassets in Resources */,
			);
			runOnlyForDeploymentPostprocessing = 0;
		};
/* End PBXResourcesBuildPhase section */

/* Begin PBXSourcesBuildPhase section */
		00E037862B003ADB00B9E958 /* Sources */ = {
			isa = PBXSourcesBuildPhase;
			buildActionMask = 2147483647;
			files = (
				00E037BD2B005D9E00B9E958 /* AppDelegate.swift in Sources */,
				00E037902B003ADB00B9E958 /* ContentView.swift in Sources */,
				00E0378E2B003ADB00B9E958 /* JamApp.swift in Sources */,
			);
			runOnlyForDeploymentPostprocessing = 0;
		};
/* End PBXSourcesBuildPhase section */

/* Begin XCBuildConfiguration section */
		00E037972B003ADE00B9E958 /* Debug */ = {
			isa = XCBuildConfiguration;
			buildSettings = {
				ALWAYS_SEARCH_USER_PATHS = NO;
				ASSETCATALOG_COMPILER_GENERATE_SWIFT_ASSET_SYMBOL_EXTENSIONS = YES;
				CLANG_ANALYZER_NONNULL = YES;
				CLANG_ANALYZER_NUMBER_OBJECT_CONVERSION = YES_AGGRESSIVE;
				CLANG_CXX_LANGUAGE_STANDARD = "gnu++20";
				CLANG_ENABLE_MODULES = YES;
				CLANG_ENABLE_OBJC_ARC = YES;
				CLANG_ENABLE_OBJC_WEAK = YES;
				CLANG_WARN_BLOCK_CAPTURE_AUTORELEASING = YES;
				CLANG_WARN_BOOL_CONVERSION = YES;
				CLANG_WARN_COMMA = YES;
				CLANG_WARN_CONSTANT_CONVERSION = YES;
				CLANG_WARN_DEPRECATED_OBJC_IMPLEMENTATIONS = YES;
				CLANG_WARN_DIRECT_OBJC_ISA_USAGE = YES_ERROR;
				CLANG_WARN_DOCUMENTATION_COMMENTS = YES;
				CLANG_WARN_EMPTY_BODY = YES;
				CLANG_WARN_ENUM_CONVERSION = YES;
				CLANG_WARN_INFINITE_RECURSION = YES;
				CLANG_WARN_INT_CONVERSION = YES;
				CLANG_WARN_NON_LITERAL_NULL_CONVERSION = YES;
				CLANG_WARN_OBJC_IMPLICIT_RETAIN_SELF = YES;
				CLANG_WARN_OBJC_LITERAL_CONVERSION = YES;
				CLANG_WARN_OBJC_ROOT_CLASS = YES_ERROR;
				CLANG_WARN_QUOTED_INCLUDE_IN_FRAMEWORK_HEADER = YES;
				CLANG_WARN_RANGE_LOOP_ANALYSIS = YES;
				CLANG_WARN_STRICT_PROTOTYPES = YES;
				CLANG_WARN_SUSPICIOUS_MOVE = YES;
				CLANG_WARN_UNGUARDED_AVAILABILITY = YES_AGGRESSIVE;
				CLANG_WARN_UNREACHABLE_CODE = YES;
				CLANG_WARN__DUPLICATE_METHOD_MATCH = YES;
				COPY_PHASE_STRIP = NO;
				DEBUG_INFORMATION_FORMAT = dwarf;
				ENABLE_STRICT_OBJC_MSGSEND = YES;
				ENABLE_TESTABILITY = YES;
				ENABLE_USER_SCRIPT_SANDBOXING = YES;
				GCC_C_LANGUAGE_STANDARD = gnu17;
				GCC_DYNAMIC_NO_PIC = NO;
				GCC_NO_COMMON_BLOCKS = YES;
				GCC_OPTIMIZATION_LEVEL = 0;
				GCC_PREPROCESSOR_DEFINITIONS = (
					"DEBUG=1",
					"$(inherited)",
				);
				GCC_WARN_64_TO_32_BIT_CONVERSION = YES;
				GCC_WARN_ABOUT_RETURN_TYPE = YES_ERROR;
				GCC_WARN_UNDECLARED_SELECTOR = YES;
				GCC_WARN_UNINITIALIZED_AUTOS = YES_AGGRESSIVE;
				GCC_WARN_UNUSED_FUNCTION = YES;
				GCC_WARN_UNUSED_VARIABLE = YES;
				LOCALIZATION_PREFERS_STRING_CATALOGS = YES;
				MACOSX_DEPLOYMENT_TARGET = 14.1;
				MTL_ENABLE_DEBUG_INFO = INCLUDE_SOURCE;
				MTL_FAST_MATH = YES;
				ONLY_ACTIVE_ARCH = YES;
				SDKROOT = macosx;
				SWIFT_ACTIVE_COMPILATION_CONDITIONS = "DEBUG $(inherited)";
				SWIFT_OPTIMIZATION_LEVEL = "-Onone";
			};
			name = Debug;
		};
		00E037982B003ADE00B9E958 /* Release */ = {
			isa = XCBuildConfiguration;
			buildSettings = {
				ALWAYS_SEARCH_USER_PATHS = NO;
				ASSETCATALOG_COMPILER_GENERATE_SWIFT_ASSET_SYMBOL_EXTENSIONS = YES;
				CLANG_ANALYZER_NONNULL = YES;
				CLANG_ANALYZER_NUMBER_OBJECT_CONVERSION = YES_AGGRESSIVE;
				CLANG_CXX_LANGUAGE_STANDARD = "gnu++20";
				CLANG_ENABLE_MODULES = YES;
				CLANG_ENABLE_OBJC_ARC = YES;
				CLANG_ENABLE_OBJC_WEAK = YES;
				CLANG_WARN_BLOCK_CAPTURE_AUTORELEASING = YES;
				CLANG_WARN_BOOL_CONVERSION = YES;
				CLANG_WARN_COMMA = YES;
				CLANG_WARN_CONSTANT_CONVERSION = YES;
				CLANG_WARN_DEPRECATED_OBJC_IMPLEMENTATIONS = YES;
				CLANG_WARN_DIRECT_OBJC_ISA_USAGE = YES_ERROR;
				CLANG_WARN_DOCUMENTATION_COMMENTS = YES;
				CLANG_WARN_EMPTY_BODY = YES;
				CLANG_WARN_ENUM_CONVERSION = YES;
				CLANG_WARN_INFINITE_RECURSION = YES;
				CLANG_WARN_INT_CONVERSION = YES;
				CLANG_WARN_NON_LITERAL_NULL_CONVERSION = YES;
				CLANG_WARN_OBJC_IMPLICIT_RETAIN_SELF = YES;
				CLANG_WARN_OBJC_LITERAL_CONVERSION = YES;
				CLANG_WARN_OBJC_ROOT_CLASS = YES_ERROR;
				CLANG_WARN_QUOTED_INCLUDE_IN_FRAMEWORK_HEADER = YES;
				CLANG_WARN_RANGE_LOOP_ANALYSIS = YES;
				CLANG_WARN_STRICT_PROTOTYPES = YES;
				CLANG_WARN_SUSPICIOUS_MOVE = YES;
				CLANG_WARN_UNGUARDED_AVAILABILITY = YES_AGGRESSIVE;
				CLANG_WARN_UNREACHABLE_CODE = YES;
				CLANG_WARN__DUPLICATE_METHOD_MATCH = YES;
				COPY_PHASE_STRIP = NO;
				DEBUG_INFORMATION_FORMAT = "dwarf-with-dsym";
				ENABLE_NS_ASSERTIONS = NO;
				ENABLE_STRICT_OBJC_MSGSEND = YES;
				ENABLE_USER_SCRIPT_SANDBOXING = YES;
				GCC_C_LANGUAGE_STANDARD = gnu17;
				GCC_NO_COMMON_BLOCKS = YES;
				GCC_WARN_64_TO_32_BIT_CONVERSION = YES;
				GCC_WARN_ABOUT_RETURN_TYPE = YES_ERROR;
				GCC_WARN_UNDECLARED_SELECTOR = YES;
				GCC_WARN_UNINITIALIZED_AUTOS = YES_AGGRESSIVE;
				GCC_WARN_UNUSED_FUNCTION = YES;
				GCC_WARN_UNUSED_VARIABLE = YES;
				LOCALIZATION_PREFERS_STRING_CATALOGS = YES;
				MACOSX_DEPLOYMENT_TARGET = 14.1;
				MTL_ENABLE_DEBUG_INFO = NO;
				MTL_FAST_MATH = YES;
				SDKROOT = macosx;
				SWIFT_COMPILATION_MODE = wholemodule;
			};
			name = Release;
		};
		00E0379A2B003ADE00B9E958 /* Debug */ = {
			isa = XCBuildConfiguration;
			buildSettings = {
				ASSETCATALOG_COMPILER_APPICON_NAME = AppIcon;
				ASSETCATALOG_COMPILER_GLOBAL_ACCENT_COLOR_NAME = AccentColor;
				CODE_SIGN_ENTITLEMENTS = Jam/Jam.entitlements;
				CODE_SIGN_STYLE = Automatic;
				COMBINE_HIDPI_IMAGES = YES;
				CURRENT_PROJECT_VERSION = 1;
				DEVELOPMENT_ASSET_PATHS = "\"Jam/Preview Content\"";
				DEVELOPMENT_TEAM = UYJ357XWK6;
				ENABLE_HARDENED_RUNTIME = YES;
				ENABLE_PREVIEWS = YES;
				GENERATE_INFOPLIST_FILE = YES;
				INFOPLIST_KEY_LSApplicationCategoryType = "public.app-category.utilities";
				INFOPLIST_KEY_LSUIElement = NO;
				INFOPLIST_KEY_NSHumanReadableCopyright = "";
				LD_RUNPATH_SEARCH_PATHS = (
					"$(inherited)",
					"@executable_path/../Frameworks",
				);
				MARKETING_VERSION = 1.0;
				PRODUCT_BUNDLE_IDENTIFIER = com.kyleerhabor.Jam;
				PRODUCT_NAME = "$(TARGET_NAME)";
				SWIFT_EMIT_LOC_STRINGS = YES;
				SWIFT_VERSION = 5.0;
				SYSTEM_FRAMEWORK_SEARCH_PATHS = (
					"$(inherited)",
					"$(SYSTEM_LIBRARY_DIR)/PrivateFrameworks",
				);
			};
			name = Debug;
		};
		00E0379B2B003ADE00B9E958 /* Release */ = {
			isa = XCBuildConfiguration;
			buildSettings = {
				ASSETCATALOG_COMPILER_APPICON_NAME = AppIcon;
				ASSETCATALOG_COMPILER_GLOBAL_ACCENT_COLOR_NAME = AccentColor;
				CODE_SIGN_ENTITLEMENTS = Jam/Jam.entitlements;
				CODE_SIGN_STYLE = Automatic;
				COMBINE_HIDPI_IMAGES = YES;
				CURRENT_PROJECT_VERSION = 1;
				DEVELOPMENT_ASSET_PATHS = "\"Jam/Preview Content\"";
				DEVELOPMENT_TEAM = UYJ357XWK6;
				ENABLE_HARDENED_RUNTIME = YES;
				ENABLE_PREVIEWS = YES;
				GENERATE_INFOPLIST_FILE = YES;
				INFOPLIST_KEY_LSApplicationCategoryType = "public.app-category.utilities";
				INFOPLIST_KEY_LSUIElement = YES;
				INFOPLIST_KEY_NSHumanReadableCopyright = "";
				LD_RUNPATH_SEARCH_PATHS = (
					"$(inherited)",
					"@executable_path/../Frameworks",
				);
				MARKETING_VERSION = 1.0;
				PRODUCT_BUNDLE_IDENTIFIER = com.kyleerhabor.Jam;
				PRODUCT_NAME = "$(TARGET_NAME)";
				SWIFT_EMIT_LOC_STRINGS = YES;
				SWIFT_VERSION = 5.0;
				SYSTEM_FRAMEWORK_SEARCH_PATHS = (
					"$(inherited)",
					"$(SYSTEM_LIBRARY_DIR)/PrivateFrameworks",
				);
			};
			name = Release;
		};
/* End XCBuildConfiguration section */

/* Begin XCConfigurationList section */
		00E037852B003ADB00B9E958 /* Build configuration list for PBXProject "Jam" */ = {
			isa = XCConfigurationList;
			buildConfigurations = (
				00E037972B003ADE00B9E958 /* Debug */,
				00E037982B003ADE00B9E958 /* Release */,
			);
			defaultConfigurationIsVisible = 0;
			defaultConfigurationName = Release;
		};
		00E037992B003ADE00B9E958 /* Build configuration list for PBXNativeTarget "Jam" */ = {
			isa = XCConfigurationList;
			buildConfigurations = (
				00E0379A2B003ADE00B9E958 /* Debug */,
				00E0379B2B003ADE00B9E958 /* Release */,
			);
			defaultConfigurationIsVisible = 0;
			defaultConfigurationName = Release;
		};
/* End XCConfigurationList section */

/* Begin XCRemoteSwiftPackageReference section */
		00E037B32B004EE400B9E958 /* XCRemoteSwiftPackageReference "MediaRemote" */ = {
			isa = XCRemoteSwiftPackageReference;
			repositoryURL = "https://github.com/PrivateFrameworks/MediaRemote";
			requirement = {
				branch = "request-now-playing-playback-queue-for-player";
				kind = branch;
			};
		};
		00E037B82B00544300B9E958 /* XCRemoteSwiftPackageReference "KeyboardShortcuts" */ = {
			isa = XCRemoteSwiftPackageReference;
			repositoryURL = "https://github.com/sindresorhus/KeyboardShortcuts";
			requirement = {
				kind = upToNextMajorVersion;
				minimumVersion = 1.15.0;
			};
		};
/* End XCRemoteSwiftPackageReference section */

/* Begin XCSwiftPackageProductDependency section */
		00E037B62B004EE400B9E958 /* PrivateMediaRemote */ = {
			isa = XCSwiftPackageProductDependency;
			package = 00E037B32B004EE400B9E958 /* XCRemoteSwiftPackageReference "MediaRemote" */;
			productName = PrivateMediaRemote;
		};
		00E037B92B00544300B9E958 /* KeyboardShortcuts */ = {
			isa = XCSwiftPackageProductDependency;
			package = 00E037B82B00544300B9E958 /* XCRemoteSwiftPackageReference "KeyboardShortcuts" */;
			productName = KeyboardShortcuts;
		};
/* End XCSwiftPackageProductDependency section */
	};
	rootObject = 00E037822B003ADB00B9E958 /* Project object */;
}
